
Microsoft Visual Studio Solution File, Format Version 12.00
# Visual Studio Version 17
VisualStudioVersion = 17.8.34330.188
MinimumVisualStudioVersion = 10.0.40219.1
Project("{FAE04EC0-301F-11D3-BF4B-00C04F79EFBC}") = "ZadatakApi", "ZadatakApi.csproj", "{D68C16CE-6F07-4FAE-88B2-49448FC60F0B}"
EndProject
Project("{FAE04EC0-301F-11D3-BF4B-00C04F79EFBC}") = "Entities", "..\Entities\Entities.csproj", "{BE2BEB88-728E-4470-8F30-C87C44B7D09F}"
EndProject
Project("{FAE04EC0-301F-11D3-BF4B-00C04F79EFBC}") = "Repositories", "..\Repositories\Repositories.csproj", "{8DAEC1EA-16D3-4657-A29D-A108F7EBAC83}"
EndProject
Project("{FAE04EC0-301F-11D3-BF4B-00C04F79EFBC}") = "RepositoryContracts", "..\RepositoryContracts\RepositoryContracts.csproj", "{340B6113-3961-4B60-AC1A-017EC3A55AD8}"
EndProject
Project("{FAE04EC0-301F-11D3-BF4B-00C04F79EFBC}") = "Services", "..\Services\Services.csproj", "{4013713F-1DF2-4895-B7E9-1F874995ADA0}"
EndProject
Project("{FAE04EC0-301F-11D3-BF4B-00C04F79EFBC}") = "ServicesContracts", "..\ServicesContracts\ServicesContracts.csproj", "{FA2227C0-A482-4D27-9B1F-8E062865E1A5}"
EndProject
Project("{FAE04EC0-301F-11D3-BF4B-00C04F79EFBC}") = "CRUDTests", "..\CRUDTests\CRUDTests.csproj", "{AA8F2041-FF68-4CE6-8B8F-F2880CEE54B2}"
EndProject
Global
	GlobalSection(SolutionConfigurationPlatforms) = preSolution
		Debug|Any CPU = Debug|Any CPU
		Release|Any CPU = Release|Any CPU
	EndGlobalSection
	GlobalSection(ProjectConfigurationPlatforms) = postSolution
		{D68C16CE-6F07-4FAE-88B2-49448FC60F0B}.Debug|Any CPU.ActiveCfg = Debug|Any CPU
		{D68C16CE-6F07-4FAE-88B2-49448FC60F0B}.Debug|Any CPU.Build.0 = Debug|Any CPU
		{D68C16CE-6F07-4FAE-88B2-49448FC60F0B}.Release|Any CPU.ActiveCfg = Release|Any CPU
		{D68C16CE-6F07-4FAE-88B2-49448FC60F0B}.Release|Any CPU.Build.0 = Release|Any CPU
		{BE2BEB88-728E-4470-8F30-C87C44B7D09F}.Debug|Any CPU.ActiveCfg = Debug|Any CPU
		{BE2BEB88-728E-4470-8F30-C87C44B7D09F}.Debug|Any CPU.Build.0 = Debug|Any CPU
		{BE2BEB88-728E-4470-8F30-C87C44B7D09F}.Release|Any CPU.ActiveCfg = Release|Any CPU
		{BE2BEB88-728E-4470-8F30-C87C44B7D09F}.Release|Any CPU.Build.0 = Release|Any CPU
		{8DAEC1EA-16D3-4657-A29D-A108F7EBAC83}.Debug|Any CPU.ActiveCfg = Debug|Any CPU
		{8DAEC1EA-16D3-4657-A29D-A108F7EBAC83}.Debug|Any CPU.Build.0 = Debug|Any CPU
		{8DAEC1EA-16D3-4657-A29D-A108F7EBAC83}.Release|Any CPU.ActiveCfg = Release|Any CPU
		{8DAEC1EA-16D3-4657-A29D-A108F7EBAC83}.Release|Any CPU.Build.0 = Release|Any CPU
		{340B6113-3961-4B60-AC1A-017EC3A55AD8}.Debug|Any CPU.ActiveCfg = Debug|Any CPU
		{340B6113-3961-4B60-AC1A-017EC3A55AD8}.Debug|Any CPU.Build.0 = Debug|Any CPU
		{340B6113-3961-4B60-AC1A-017EC3A55AD8}.Release|Any CPU.ActiveCfg = Release|Any CPU
		{340B6113-3961-4B60-AC1A-017EC3A55AD8}.Release|Any CPU.Build.0 = Release|Any CPU
		{4013713F-1DF2-4895-B7E9-1F874995ADA0}.Debug|Any CPU.ActiveCfg = Debug|Any CPU
		{4013713F-1DF2-4895-B7E9-1F874995ADA0}.Debug|Any CPU.Build.0 = Debug|Any CPU
		{4013713F-1DF2-4895-B7E9-1F874995ADA0}.Release|Any CPU.ActiveCfg = Release|Any CPU
		{4013713F-1DF2-4895-B7E9-1F874995ADA0}.Release|Any CPU.Build.0 = Release|Any CPU
		{FA2227C0-A482-4D27-9B1F-8E062865E1A5}.Debug|Any CPU.ActiveCfg = Debug|Any CPU
		{FA2227C0-A482-4D27-9B1F-8E062865E1A5}.Debug|Any CPU.Build.0 = Debug|Any CPU
		{FA2227C0-A482-4D27-9B1F-8E062865E1A5}.Release|Any CPU.ActiveCfg = Release|Any CPU
		{FA2227C0-A482-4D27-9B1F-8E062865E1A5}.Release|Any CPU.Build.0 = Release|Any CPU
		{AA8F2041-FF68-4CE6-8B8F-F2880CEE54B2}.Debug|Any CPU.ActiveCfg = Debug|Any CPU
		{AA8F2041-FF68-4CE6-8B8F-F2880CEE54B2}.Debug|Any CPU.Build.0 = Debug|Any CPU
		{AA8F2041-FF68-4CE6-8B8F-F2880CEE54B2}.Release|Any CPU.ActiveCfg = Release|Any CPU
		{AA8F2041-FF68-4CE6-8B8F-F2880CEE54B2}.Release|Any CPU.Build.0 = Release|Any CPU
	EndGlobalSection
	GlobalSection(SolutionProperties) = preSolution
		HideSolutionNode = FALSE
	EndGlobalSection
	GlobalSection(ExtensibilityGlobals) = postSolution
		SolutionGuid = {90684643-F033-4698-8FD5-376AC392AFE9}
	EndGlobalSection
EndGlobal
